
Microsoft Visual Studio Solution File, Format Version 12.00
# Visual Studio 15
Project("{FAE04EC0-301F-11D3-BF4B-00C04F79EFBC}") = "UnityEngine.TestRunner", "UnityEngine.TestRunner.csproj", "{61BC869E-F802-895D-6CFC-822988F8BB88}"
EndProject
Project("{FAE04EC0-301F-11D3-BF4B-00C04F79EFBC}") = "Unity.Mathematics", "Unity.Mathematics.csproj", "{C59A6D55-4DFC-4AF5-BCB8-F7A8278EFC08}"
EndProject
Project("{FAE04EC0-301F-11D3-BF4B-00C04F79EFBC}") = "Unity.2D.Animation.Triangle.Runtime", "Unity.2D.Animation.Triangle.Runtime.csproj", "{6BA32E96-BCCE-D968-5850-59DB0D165B42}"
EndProject
Project("{FAE04EC0-301F-11D3-BF4B-00C04F79EFBC}") = "Unity.Timeline", "Unity.Timeline.csproj", "{5994A1BF-D8CC-55B2-2CFE-63E35A55EB0E}"
EndProject
Project("{FAE04EC0-301F-11D3-BF4B-00C04F79EFBC}") = "UnityEngine.UI", "UnityEngine.UI.csproj", "{7849B5DA-6861-6662-0F3C-0CA9C5692E02}"
EndProject
Project("{FAE04EC0-301F-11D3-BF4B-00C04F79EFBC}") = "Unity.TextMeshPro", "Unity.TextMeshPro.csproj", "{5BC4C94A-7B76-239D-384F-132290629FBC}"
EndProject
Project("{FAE04EC0-301F-11D3-BF4B-00C04F79EFBC}") = "Unity.2D.Animation.Runtime", "Unity.2D.Animation.Runtime.csproj", "{646CC225-2285-9A06-EF7B-688E1E736DC1}"
EndProject
Project("{FAE04EC0-301F-11D3-BF4B-00C04F79EFBC}") = "Unity.2D.IK.Runtime", "Unity.2D.IK.Runtime.csproj", "{8328B04B-4C2A-66D2-9902-C76A5BF29AFE}"
EndProject
Project("{FAE04EC0-301F-11D3-BF4B-00C04F79EFBC}") = "Assembly-CSharp", "Assembly-CSharp.csproj", "{2468850D-ACFB-9B5D-FD16-6B994FA4647D}"
EndProject
Project("{FAE04EC0-301F-11D3-BF4B-00C04F79EFBC}") = "Unity.2D.SpriteShape.Runtime", "Unity.2D.SpriteShape.Runtime.csproj", "{286E2FCB-F598-1E7E-CCFE-8B242A1BE1EA}"
EndProject
Project("{FAE04EC0-301F-11D3-BF4B-00C04F79EFBC}") = "Unity.2D.PixelPerfect", "Unity.2D.PixelPerfect.csproj", "{3BC05EDE-AF60-0A96-ADBA-E7CBD5E20795}"
EndProject
Project("{FAE04EC0-301F-11D3-BF4B-00C04F79EFBC}") = "Unity.2D.Common.Runtime", "Unity.2D.Common.Runtime.csproj", "{1177BAC8-AC19-9B2B-E1BF-2E1747E8D847}"
EndProject
Project("{FAE04EC0-301F-11D3-BF4B-00C04F79EFBC}") = "Unity.InternalAPIEngineBridge.001", "Unity.InternalAPIEngineBridge.001.csproj", "{2D038BFA-EBC0-3119-1B32-9DA4F4C13834}"
EndProject
Project("{FAE04EC0-301F-11D3-BF4B-00C04F79EFBC}") = "UnityEditor.TestRunner", "UnityEditor.TestRunner.csproj", "{4599F888-F1A3-60AB-FF19-2D327159FAD2}"
EndProject
Project("{FAE04EC0-301F-11D3-BF4B-00C04F79EFBC}") = "Unity.PlasticSCM.Editor", "Unity.PlasticSCM.Editor.csproj", "{676FD692-566D-6CCF-CCFF-F5540B5DFB49}"
EndProject
Project("{FAE04EC0-301F-11D3-BF4B-00C04F79EFBC}") = "UnityEditor.UI", "UnityEditor.UI.csproj", "{361D8626-B146-44E2-ECFA-D07E99F375C4}"
EndProject
Project("{FAE04EC0-301F-11D3-BF4B-00C04F79EFBC}") = "Unity.Services.Core.Editor", "Unity.Services.Core.Editor.csproj", "{494ACD75-C550-AC1D-37E0-602A3BDF3968}"
EndProject
Project("{FAE04EC0-301F-11D3-BF4B-00C04F79EFBC}") = "Unity.Timeline.Editor", "Unity.Timeline.Editor.csproj", "{E7257FF9-A64D-C8ED-B8B3-93B82E54E5EC}"
EndProject
Project("{FAE04EC0-301F-11D3-BF4B-00C04F79EFBC}") = "Unity.VisualStudio.Editor", "Unity.VisualStudio.Editor.csproj", "{27385270-E484-5F28-A6FC-FA6A3B1F7B8E}"
EndProject
Project("{FAE04EC0-301F-11D3-BF4B-00C04F79EFBC}") = "Unity.2D.Psdimporter.Editor", "Unity.2D.Psdimporter.Editor.csproj", "{D2B2FBD6-4DAF-DD6F-24BD-BAD82761632D}"
EndProject
Project("{FAE04EC0-301F-11D3-BF4B-00C04F79EFBC}") = "Unity.2D.Animation.Editor", "Unity.2D.Animation.Editor.csproj", "{5B22D2BA-1EFA-F623-04C0-702798EDBE2F}"
EndProject
Project("{FAE04EC0-301F-11D3-BF4B-00C04F79EFBC}") = "Unity.TextMeshPro.Editor", "Unity.TextMeshPro.Editor.csproj", "{B483A40A-560E-14C9-DD9A-F1C722B5B1ED}"
EndProject
Project("{FAE04EC0-301F-11D3-BF4B-00C04F79EFBC}") = "Unity.2D.SpriteShape.Editor", "Unity.2D.SpriteShape.Editor.csproj", "{A8196DCC-83A6-A1C2-424F-56D0202CAA01}"
EndProject
Project("{FAE04EC0-301F-11D3-BF4B-00C04F79EFBC}") = "Unity.CollabProxy.Editor", "Unity.CollabProxy.Editor.csproj", "{4FDF7381-FA94-2E6B-A759-887A4FBD83C9}"
EndProject
Project("{FAE04EC0-301F-11D3-BF4B-00C04F79EFBC}") = "PsdPlugin", "PsdPlugin.csproj", "{B7E7F646-0810-0B64-043E-E0FF2CC1971A}"
EndProject
Project("{FAE04EC0-301F-11D3-BF4B-00C04F79EFBC}") = "Unity.2D.Path.Editor", "Unity.2D.Path.Editor.csproj", "{4FC99A78-9B3E-021E-CBFD-FA947EA67611}"
EndProject
Project("{FAE04EC0-301F-11D3-BF4B-00C04F79EFBC}") = "Unity.Rider.Editor", "Unity.Rider.Editor.csproj", "{E4728473-34A7-A11A-DF42-E80F176FAFCB}"
EndProject
Project("{FAE04EC0-301F-11D3-BF4B-00C04F79EFBC}") = "Unity.2D.IK.Editor", "Unity.2D.IK.Editor.csproj", "{68860C4E-67C3-8A3B-1D61-A3C1E19CD1F0}"
EndProject
Project("{FAE04EC0-301F-11D3-BF4B-00C04F79EFBC}") = "Unity.2D.Sprite.Editor", "Unity.2D.Sprite.Editor.csproj", "{B0F75543-7095-70F8-599D-7AA6914DB6C2}"
EndProject
Project("{FAE04EC0-301F-11D3-BF4B-00C04F79EFBC}") = "Unity.2D.Tilemap.Editor", "Unity.2D.Tilemap.Editor.csproj", "{D5A729F6-7B70-3984-8A1F-B9BD5805C750}"
EndProject
Project("{FAE04EC0-301F-11D3-BF4B-00C04F79EFBC}") = "Unity.2D.PixelPerfect.Editor", "Unity.2D.PixelPerfect.Editor.csproj", "{24268C10-FA9F-4CC0-B28D-1E9E74B2F59C}"
EndProject
Project("{FAE04EC0-301F-11D3-BF4B-00C04F79EFBC}") = "Unity.VSCode.Editor", "Unity.VSCode.Editor.csproj", "{FC4436F0-A78E-7A22-9B7C-7A58DE4578AB}"
EndProject
Project("{FAE04EC0-301F-11D3-BF4B-00C04F79EFBC}") = "Unity.2D.Common.Editor", "Unity.2D.Common.Editor.csproj", "{C3B3BF4F-FBA0-B34F-5D72-1DA5638BEC14}"
EndProject
Project("{FAE04EC0-301F-11D3-BF4B-00C04F79EFBC}") = "Unity.Mathematics.Editor", "Unity.Mathematics.Editor.csproj", "{AC34FC58-20AE-65AE-3ED8-59377DD63C2B}"
EndProject
Project("{FAE04EC0-301F-11D3-BF4B-00C04F79EFBC}") = "Unity.InternalAPIEditorBridge.001", "Unity.InternalAPIEditorBridge.001.csproj", "{F38D90C0-5E8F-A02E-7B7A-69D41B125F87}"
EndProject
Project("{FAE04EC0-301F-11D3-BF4B-00C04F79EFBC}") = "UnityEngine.TestRunner", "UnityEngine.TestRunner.Player.csproj", "{20598926-6231-0B59-7313-0C5CC7E52142}"
EndProject
Project("{FAE04EC0-301F-11D3-BF4B-00C04F79EFBC}") = "Unity.Mathematics", "Unity.Mathematics.Player.csproj", "{AAA4ED28-5CE2-A43B-C3CE-8B7FC9453D8F}"
EndProject
Project("{FAE04EC0-301F-11D3-BF4B-00C04F79EFBC}") = "Unity.2D.Animation.Triangle.Runtime", "Unity.2D.Animation.Triangle.Runtime.Player.csproj", "{CB54BEB1-D7BB-9669-C51E-ADBBA95ABBBE}"
EndProject
Project("{FAE04EC0-301F-11D3-BF4B-00C04F79EFBC}") = "Unity.Timeline", "Unity.Timeline.Player.csproj", "{D4E6BD78-728F-5B29-F20F-A18E33BE51B5}"
EndProject
Project("{FAE04EC0-301F-11D3-BF4B-00C04F79EFBC}") = "UnityEngine.UI", "UnityEngine.UI.Player.csproj", "{CF8FC9EF-55D9-E12D-0D45-3D679C7F7336}"
EndProject
Project("{FAE04EC0-301F-11D3-BF4B-00C04F79EFBC}") = "Unity.TextMeshPro", "Unity.TextMeshPro.Player.csproj", "{1E9882A3-FB55-BF7B-464F-307518040466}"
EndProject
Project("{FAE04EC0-301F-11D3-BF4B-00C04F79EFBC}") = "Unity.2D.Animation.Runtime", "Unity.2D.Animation.Runtime.Player.csproj", "{88361A87-3EA9-AB04-5AD5-61101E903616}"
EndProject
Project("{FAE04EC0-301F-11D3-BF4B-00C04F79EFBC}") = "Unity.2D.IK.Runtime", "Unity.2D.IK.Runtime.Player.csproj", "{AE6BD390-7F1B-3CE1-C95B-9329476FC02D}"
EndProject
Project("{FAE04EC0-301F-11D3-BF4B-00C04F79EFBC}") = "Assembly-CSharp", "Assembly-CSharp.Player.csproj", "{24C34C5D-88D6-EC6F-8E71-123C8CE66AA1}"
EndProject
Project("{FAE04EC0-301F-11D3-BF4B-00C04F79EFBC}") = "Unity.2D.SpriteShape.Runtime", "Unity.2D.SpriteShape.Runtime.Player.csproj", "{88C9D54B-B4CA-90B4-9C44-E74A16D69190}"
EndProject
Project("{FAE04EC0-301F-11D3-BF4B-00C04F79EFBC}") = "Unity.2D.PixelPerfect", "Unity.2D.PixelPerfect.Player.csproj", "{F09862DE-6E49-EA4F-9A3C-6ECAFD2DFD76}"
EndProject
Project("{FAE04EC0-301F-11D3-BF4B-00C04F79EFBC}") = "Unity.2D.Common.Runtime", "Unity.2D.Common.Runtime.Player.csproj", "{B841E3D7-32B6-6813-5C15-B829A8674823}"
EndProject
Project("{FAE04EC0-301F-11D3-BF4B-00C04F79EFBC}") = "Unity.InternalAPIEngineBridge.001", "Unity.InternalAPIEngineBridge.001.Player.csproj", "{D497F78C-590C-B9BB-513D-C3535B0209B7}"
EndProject
Global
	GlobalSection(SolutionConfigurationPlatforms) = preSolution
		Debug|Any CPU = Debug|Any CPU
		Release|Any CPU = Release|Any CPU
	EndGlobalSection
	GlobalSection(ProjectConfigurationPlatforms) = postSolution
		{61BC869E-F802-895D-6CFC-822988F8BB88}.Debug|Any CPU.ActiveCfg = Debug|Any CPU
		{61BC869E-F802-895D-6CFC-822988F8BB88}.Debug|Any CPU.Build.0 = Debug|Any CPU
		{61BC869E-F802-895D-6CFC-822988F8BB88}.Release|Any CPU.ActiveCfg = Release|Any CPU
		{61BC869E-F802-895D-6CFC-822988F8BB88}.Release|Any CPU.Build.0 = Release|Any CPU
		{C59A6D55-4DFC-4AF5-BCB8-F7A8278EFC08}.Debug|Any CPU.ActiveCfg = Debug|Any CPU
		{C59A6D55-4DFC-4AF5-BCB8-F7A8278EFC08}.Debug|Any CPU.Build.0 = Debug|Any CPU
		{C59A6D55-4DFC-4AF5-BCB8-F7A8278EFC08}.Release|Any CPU.ActiveCfg = Release|Any CPU
		{C59A6D55-4DFC-4AF5-BCB8-F7A8278EFC08}.Release|Any CPU.Build.0 = Release|Any CPU
		{6BA32E96-BCCE-D968-5850-59DB0D165B42}.Debug|Any CPU.ActiveCfg = Debug|Any CPU
		{6BA32E96-BCCE-D968-5850-59DB0D165B42}.Debug|Any CPU.Build.0 = Debug|Any CPU
		{6BA32E96-BCCE-D968-5850-59DB0D165B42}.Release|Any CPU.ActiveCfg = Release|Any CPU
		{6BA32E96-BCCE-D968-5850-59DB0D165B42}.Release|Any CPU.Build.0 = Release|Any CPU
		{5994A1BF-D8CC-55B2-2CFE-63E35A55EB0E}.Debug|Any CPU.ActiveCfg = Debug|Any CPU
		{5994A1BF-D8CC-55B2-2CFE-63E35A55EB0E}.Debug|Any CPU.Build.0 = Debug|Any CPU
		{5994A1BF-D8CC-55B2-2CFE-63E35A55EB0E}.Release|Any CPU.ActiveCfg = Release|Any CPU
		{5994A1BF-D8CC-55B2-2CFE-63E35A55EB0E}.Release|Any CPU.Build.0 = Release|Any CPU
		{7849B5DA-6861-6662-0F3C-0CA9C5692E02}.Debug|Any CPU.ActiveCfg = Debug|Any CPU
		{7849B5DA-6861-6662-0F3C-0CA9C5692E02}.Debug|Any CPU.Build.0 = Debug|Any CPU
		{7849B5DA-6861-6662-0F3C-0CA9C5692E02}.Release|Any CPU.ActiveCfg = Release|Any CPU
		{7849B5DA-6861-6662-0F3C-0CA9C5692E02}.Release|Any CPU.Build.0 = Release|Any CPU
		{5BC4C94A-7B76-239D-384F-132290629FBC}.Debug|Any CPU.ActiveCfg = Debug|Any CPU
		{5BC4C94A-7B76-239D-384F-132290629FBC}.Debug|Any CPU.Build.0 = Debug|Any CPU
		{5BC4C94A-7B76-239D-384F-132290629FBC}.Release|Any CPU.ActiveCfg = Release|Any CPU
		{5BC4C94A-7B76-239D-384F-132290629FBC}.Release|Any CPU.Build.0 = Release|Any CPU
		{646CC225-2285-9A06-EF7B-688E1E736DC1}.Debug|Any CPU.ActiveCfg = Debug|Any CPU
		{646CC225-2285-9A06-EF7B-688E1E736DC1}.Debug|Any CPU.Build.0 = Debug|Any CPU
		{646CC225-2285-9A06-EF7B-688E1E736DC1}.Release|Any CPU.ActiveCfg = Release|Any CPU
		{646CC225-2285-9A06-EF7B-688E1E736DC1}.Release|Any CPU.Build.0 = Release|Any CPU
		{8328B04B-4C2A-66D2-9902-C76A5BF29AFE}.Debug|Any CPU.ActiveCfg = Debug|Any CPU
		{8328B04B-4C2A-66D2-9902-C76A5BF29AFE}.Debug|Any CPU.Build.0 = Debug|Any CPU
		{8328B04B-4C2A-66D2-9902-C76A5BF29AFE}.Release|Any CPU.ActiveCfg = Release|Any CPU
		{8328B04B-4C2A-66D2-9902-C76A5BF29AFE}.Release|Any CPU.Build.0 = Release|Any CPU
		{2468850D-ACFB-9B5D-FD16-6B994FA4647D}.Debug|Any CPU.ActiveCfg = Debug|Any CPU
		{2468850D-ACFB-9B5D-FD16-6B994FA4647D}.Debug|Any CPU.Build.0 = Debug|Any CPU
		{2468850D-ACFB-9B5D-FD16-6B994FA4647D}.Release|Any CPU.ActiveCfg = Release|Any CPU
		{2468850D-ACFB-9B5D-FD16-6B994FA4647D}.Release|Any CPU.Build.0 = Release|Any CPU
		{286E2FCB-F598-1E7E-CCFE-8B242A1BE1EA}.Debug|Any CPU.ActiveCfg = Debug|Any CPU
		{286E2FCB-F598-1E7E-CCFE-8B242A1BE1EA}.Debug|Any CPU.Build.0 = Debug|Any CPU
		{286E2FCB-F598-1E7E-CCFE-8B242A1BE1EA}.Release|Any CPU.ActiveCfg = Release|Any CPU
		{286E2FCB-F598-1E7E-CCFE-8B242A1BE1EA}.Release|Any CPU.Build.0 = Release|Any CPU
		{3BC05EDE-AF60-0A96-ADBA-E7CBD5E20795}.Debug|Any CPU.ActiveCfg = Debug|Any CPU
		{3BC05EDE-AF60-0A96-ADBA-E7CBD5E20795}.Debug|Any CPU.Build.0 = Debug|Any CPU
		{3BC05EDE-AF60-0A96-ADBA-E7CBD5E20795}.Release|Any CPU.ActiveCfg = Release|Any CPU
		{3BC05EDE-AF60-0A96-ADBA-E7CBD5E20795}.Release|Any CPU.Build.0 = Release|Any CPU
		{1177BAC8-AC19-9B2B-E1BF-2E1747E8D847}.Debug|Any CPU.ActiveCfg = Debug|Any CPU
		{1177BAC8-AC19-9B2B-E1BF-2E1747E8D847}.Debug|Any CPU.Build.0 = Debug|Any CPU
		{1177BAC8-AC19-9B2B-E1BF-2E1747E8D847}.Release|Any CPU.ActiveCfg = Release|Any CPU
		{1177BAC8-AC19-9B2B-E1BF-2E1747E8D847}.Release|Any CPU.Build.0 = Release|Any CPU
		{2D038BFA-EBC0-3119-1B32-9DA4F4C13834}.Debug|Any CPU.ActiveCfg = Debug|Any CPU
		{2D038BFA-EBC0-3119-1B32-9DA4F4C13834}.Debug|Any CPU.Build.0 = Debug|Any CPU
		{2D038BFA-EBC0-3119-1B32-9DA4F4C13834}.Release|Any CPU.ActiveCfg = Release|Any CPU
		{2D038BFA-EBC0-3119-1B32-9DA4F4C13834}.Release|Any CPU.Build.0 = Release|Any CPU
		{4599F888-F1A3-60AB-FF19-2D327159FAD2}.Debug|Any CPU.ActiveCfg = Debug|Any CPU
		{4599F888-F1A3-60AB-FF19-2D327159FAD2}.Debug|Any CPU.Build.0 = Debug|Any CPU
		{4599F888-F1A3-60AB-FF19-2D327159FAD2}.Release|Any CPU.ActiveCfg = Release|Any CPU
		{4599F888-F1A3-60AB-FF19-2D327159FAD2}.Release|Any CPU.Build.0 = Release|Any CPU
		{676FD692-566D-6CCF-CCFF-F5540B5DFB49}.Debug|Any CPU.ActiveCfg = Debug|Any CPU
		{676FD692-566D-6CCF-CCFF-F5540B5DFB49}.Debug|Any CPU.Build.0 = Debug|Any CPU
		{676FD692-566D-6CCF-CCFF-F5540B5DFB49}.Release|Any CPU.ActiveCfg = Release|Any CPU
		{676FD692-566D-6CCF-CCFF-F5540B5DFB49}.Release|Any CPU.Build.0 = Release|Any CPU
		{361D8626-B146-44E2-ECFA-D07E99F375C4}.Debug|Any CPU.ActiveCfg = Debug|Any CPU
		{361D8626-B146-44E2-ECFA-D07E99F375C4}.Debug|Any CPU.Build.0 = Debug|Any CPU
		{361D8626-B146-44E2-ECFA-D07E99F375C4}.Release|Any CPU.ActiveCfg = Release|Any CPU
		{361D8626-B146-44E2-ECFA-D07E99F375C4}.Release|Any CPU.Build.0 = Release|Any CPU
		{494ACD75-C550-AC1D-37E0-602A3BDF3968}.Debug|Any CPU.ActiveCfg = Debug|Any CPU
		{494ACD75-C550-AC1D-37E0-602A3BDF3968}.Debug|Any CPU.Build.0 = Debug|Any CPU
		{494ACD75-C550-AC1D-37E0-602A3BDF3968}.Release|Any CPU.ActiveCfg = Release|Any CPU
		{494ACD75-C550-AC1D-37E0-602A3BDF3968}.Release|Any CPU.Build.0 = Release|Any CPU
		{E7257FF9-A64D-C8ED-B8B3-93B82E54E5EC}.Debug|Any CPU.ActiveCfg = Debug|Any CPU
		{E7257FF9-A64D-C8ED-B8B3-93B82E54E5EC}.Debug|Any CPU.Build.0 = Debug|Any CPU
		{E7257FF9-A64D-C8ED-B8B3-93B82E54E5EC}.Release|Any CPU.ActiveCfg = Release|Any CPU
		{E7257FF9-A64D-C8ED-B8B3-93B82E54E5EC}.Release|Any CPU.Build.0 = Release|Any CPU
		{27385270-E484-5F28-A6FC-FA6A3B1F7B8E}.Debug|Any CPU.ActiveCfg = Debug|Any CPU
		{27385270-E484-5F28-A6FC-FA6A3B1F7B8E}.Debug|Any CPU.Build.0 = Debug|Any CPU
		{27385270-E484-5F28-A6FC-FA6A3B1F7B8E}.Release|Any CPU.ActiveCfg = Release|Any CPU
		{27385270-E484-5F28-A6FC-FA6A3B1F7B8E}.Release|Any CPU.Build.0 = Release|Any CPU
		{D2B2FBD6-4DAF-DD6F-24BD-BAD82761632D}.Debug|Any CPU.ActiveCfg = Debug|Any CPU
		{D2B2FBD6-4DAF-DD6F-24BD-BAD82761632D}.Debug|Any CPU.Build.0 = Debug|Any CPU
		{D2B2FBD6-4DAF-DD6F-24BD-BAD82761632D}.Release|Any CPU.ActiveCfg = Release|Any CPU
		{D2B2FBD6-4DAF-DD6F-24BD-BAD82761632D}.Release|Any CPU.Build.0 = Release|Any CPU
		{5B22D2BA-1EFA-F623-04C0-702798EDBE2F}.Debug|Any CPU.ActiveCfg = Debug|Any CPU
		{5B22D2BA-1EFA-F623-04C0-702798EDBE2F}.Debug|Any CPU.Build.0 = Debug|Any CPU
		{5B22D2BA-1EFA-F623-04C0-702798EDBE2F}.Release|Any CPU.ActiveCfg = Release|Any CPU
		{5B22D2BA-1EFA-F623-04C0-702798EDBE2F}.Release|Any CPU.Build.0 = Release|Any CPU
		{B483A40A-560E-14C9-DD9A-F1C722B5B1ED}.Debug|Any CPU.ActiveCfg = Debug|Any CPU
		{B483A40A-560E-14C9-DD9A-F1C722B5B1ED}.Debug|Any CPU.Build.0 = Debug|Any CPU
		{B483A40A-560E-14C9-DD9A-F1C722B5B1ED}.Release|Any CPU.ActiveCfg = Release|Any CPU
		{B483A40A-560E-14C9-DD9A-F1C722B5B1ED}.Release|Any CPU.Build.0 = Release|Any CPU
		{A8196DCC-83A6-A1C2-424F-56D0202CAA01}.Debug|Any CPU.ActiveCfg = Debug|Any CPU
		{A8196DCC-83A6-A1C2-424F-56D0202CAA01}.Debug|Any CPU.Build.0 = Debug|Any CPU
		{A8196DCC-83A6-A1C2-424F-56D0202CAA01}.Release|Any CPU.ActiveCfg = Release|Any CPU
		{A8196DCC-83A6-A1C2-424F-56D0202CAA01}.Release|Any CPU.Build.0 = Release|Any CPU
		{4FDF7381-FA94-2E6B-A759-887A4FBD83C9}.Debug|Any CPU.ActiveCfg = Debug|Any CPU
		{4FDF7381-FA94-2E6B-A759-887A4FBD83C9}.Debug|Any CPU.Build.0 = Debug|Any CPU
		{4FDF7381-FA94-2E6B-A759-887A4FBD83C9}.Release|Any CPU.ActiveCfg = Release|Any CPU
		{4FDF7381-FA94-2E6B-A759-887A4FBD83C9}.Release|Any CPU.Build.0 = Release|Any CPU
		{B7E7F646-0810-0B64-043E-E0FF2CC1971A}.Debug|Any CPU.ActiveCfg = Debug|Any CPU
		{B7E7F646-0810-0B64-043E-E0FF2CC1971A}.Debug|Any CPU.Build.0 = Debug|Any CPU
		{B7E7F646-0810-0B64-043E-E0FF2CC1971A}.Release|Any CPU.ActiveCfg = Release|Any CPU
		{B7E7F646-0810-0B64-043E-E0FF2CC1971A}.Release|Any CPU.Build.0 = Release|Any CPU
		{4FC99A78-9B3E-021E-CBFD-FA947EA67611}.Debug|Any CPU.ActiveCfg = Debug|Any CPU
		{4FC99A78-9B3E-021E-CBFD-FA947EA67611}.Debug|Any CPU.Build.0 = Debug|Any CPU
		{4FC99A78-9B3E-021E-CBFD-FA947EA67611}.Release|Any CPU.ActiveCfg = Release|Any CPU
		{4FC99A78-9B3E-021E-CBFD-FA947EA67611}.Release|Any CPU.Build.0 = Release|Any CPU
		{E4728473-34A7-A11A-DF42-E80F176FAFCB}.Debug|Any CPU.ActiveCfg = Debug|Any CPU
		{E4728473-34A7-A11A-DF42-E80F176FAFCB}.Debug|Any CPU.Build.0 = Debug|Any CPU
		{E4728473-34A7-A11A-DF42-E80F176FAFCB}.Release|Any CPU.ActiveCfg = Release|Any CPU
		{E4728473-34A7-A11A-DF42-E80F176FAFCB}.Release|Any CPU.Build.0 = Release|Any CPU
		{68860C4E-67C3-8A3B-1D61-A3C1E19CD1F0}.Debug|Any CPU.ActiveCfg = Debug|Any CPU
		{68860C4E-67C3-8A3B-1D61-A3C1E19CD1F0}.Debug|Any CPU.Build.0 = Debug|Any CPU
		{68860C4E-67C3-8A3B-1D61-A3C1E19CD1F0}.Release|Any CPU.ActiveCfg = Release|Any CPU
		{68860C4E-67C3-8A3B-1D61-A3C1E19CD1F0}.Release|Any CPU.Build.0 = Release|Any CPU
		{B0F75543-7095-70F8-599D-7AA6914DB6C2}.Debug|Any CPU.ActiveCfg = Debug|Any CPU
		{B0F75543-7095-70F8-599D-7AA6914DB6C2}.Debug|Any CPU.Build.0 = Debug|Any CPU
		{B0F75543-7095-70F8-599D-7AA6914DB6C2}.Release|Any CPU.ActiveCfg = Release|Any CPU
		{B0F75543-7095-70F8-599D-7AA6914DB6C2}.Release|Any CPU.Build.0 = Release|Any CPU
		{D5A729F6-7B70-3984-8A1F-B9BD5805C750}.Debug|Any CPU.ActiveCfg = Debug|Any CPU
		{D5A729F6-7B70-3984-8A1F-B9BD5805C750}.Debug|Any CPU.Build.0 = Debug|Any CPU
		{D5A729F6-7B70-3984-8A1F-B9BD5805C750}.Release|Any CPU.ActiveCfg = Release|Any CPU
		{D5A729F6-7B70-3984-8A1F-B9BD5805C750}.Release|Any CPU.Build.0 = Release|Any CPU
		{24268C10-FA9F-4CC0-B28D-1E9E74B2F59C}.Debug|Any CPU.ActiveCfg = Debug|Any CPU
		{24268C10-FA9F-4CC0-B28D-1E9E74B2F59C}.Debug|Any CPU.Build.0 = Debug|Any CPU
		{24268C10-FA9F-4CC0-B28D-1E9E74B2F59C}.Release|Any CPU.ActiveCfg = Release|Any CPU
		{24268C10-FA9F-4CC0-B28D-1E9E74B2F59C}.Release|Any CPU.Build.0 = Release|Any CPU
		{FC4436F0-A78E-7A22-9B7C-7A58DE4578AB}.Debug|Any CPU.ActiveCfg = Debug|Any CPU
		{FC4436F0-A78E-7A22-9B7C-7A58DE4578AB}.Debug|Any CPU.Build.0 = Debug|Any CPU
		{FC4436F0-A78E-7A22-9B7C-7A58DE4578AB}.Release|Any CPU.ActiveCfg = Release|Any CPU
		{FC4436F0-A78E-7A22-9B7C-7A58DE4578AB}.Release|Any CPU.Build.0 = Release|Any CPU
		{C3B3BF4F-FBA0-B34F-5D72-1DA5638BEC14}.Debug|Any CPU.ActiveCfg = Debug|Any CPU
		{C3B3BF4F-FBA0-B34F-5D72-1DA5638BEC14}.Debug|Any CPU.Build.0 = Debug|Any CPU
		{C3B3BF4F-FBA0-B34F-5D72-1DA5638BEC14}.Release|Any CPU.ActiveCfg = Release|Any CPU
		{C3B3BF4F-FBA0-B34F-5D72-1DA5638BEC14}.Release|Any CPU.Build.0 = Release|Any CPU
		{AC34FC58-20AE-65AE-3ED8-59377DD63C2B}.Debug|Any CPU.ActiveCfg = Debug|Any CPU
		{AC34FC58-20AE-65AE-3ED8-59377DD63C2B}.Debug|Any CPU.Build.0 = Debug|Any CPU
		{AC34FC58-20AE-65AE-3ED8-59377DD63C2B}.Release|Any CPU.ActiveCfg = Release|Any CPU
		{AC34FC58-20AE-65AE-3ED8-59377DD63C2B}.Release|Any CPU.Build.0 = Release|Any CPU
		{F38D90C0-5E8F-A02E-7B7A-69D41B125F87}.Debug|Any CPU.ActiveCfg = Debug|Any CPU
		{F38D90C0-5E8F-A02E-7B7A-69D41B125F87}.Debug|Any CPU.Build.0 = Debug|Any CPU
		{F38D90C0-5E8F-A02E-7B7A-69D41B125F87}.Release|Any CPU.ActiveCfg = Release|Any CPU
		{F38D90C0-5E8F-A02E-7B7A-69D41B125F87}.Release|Any CPU.Build.0 = Release|Any CPU
		{20598926-6231-0B59-7313-0C5CC7E52142}.Debug|Any CPU.ActiveCfg = Debug|Any CPU
		{20598926-6231-0B59-7313-0C5CC7E52142}.Debug|Any CPU.Build.0 = Debug|Any CPU
		{20598926-6231-0B59-7313-0C5CC7E52142}.Release|Any CPU.ActiveCfg = Release|Any CPU
		{20598926-6231-0B59-7313-0C5CC7E52142}.Release|Any CPU.Build.0 = Release|Any CPU
		{AAA4ED28-5CE2-A43B-C3CE-8B7FC9453D8F}.Debug|Any CPU.ActiveCfg = Debug|Any CPU
		{AAA4ED28-5CE2-A43B-C3CE-8B7FC9453D8F}.Debug|Any CPU.Build.0 = Debug|Any CPU
		{AAA4ED28-5CE2-A43B-C3CE-8B7FC9453D8F}.Release|Any CPU.ActiveCfg = Release|Any CPU
		{AAA4ED28-5CE2-A43B-C3CE-8B7FC9453D8F}.Release|Any CPU.Build.0 = Release|Any CPU
		{CB54BEB1-D7BB-9669-C51E-ADBBA95ABBBE}.Debug|Any CPU.ActiveCfg = Debug|Any CPU
		{CB54BEB1-D7BB-9669-C51E-ADBBA95ABBBE}.Debug|Any CPU.Build.0 = Debug|Any CPU
		{CB54BEB1-D7BB-9669-C51E-ADBBA95ABBBE}.Release|Any CPU.ActiveCfg = Release|Any CPU
		{CB54BEB1-D7BB-9669-C51E-ADBBA95ABBBE}.Release|Any CPU.Build.0 = Release|Any CPU
		{D4E6BD78-728F-5B29-F20F-A18E33BE51B5}.Debug|Any CPU.ActiveCfg = Debug|Any CPU
		{D4E6BD78-728F-5B29-F20F-A18E33BE51B5}.Debug|Any CPU.Build.0 = Debug|Any CPU
		{D4E6BD78-728F-5B29-F20F-A18E33BE51B5}.Release|Any CPU.ActiveCfg = Release|Any CPU
		{D4E6BD78-728F-5B29-F20F-A18E33BE51B5}.Release|Any CPU.Build.0 = Release|Any CPU
		{CF8FC9EF-55D9-E12D-0D45-3D679C7F7336}.Debug|Any CPU.ActiveCfg = Debug|Any CPU
		{CF8FC9EF-55D9-E12D-0D45-3D679C7F7336}.Debug|Any CPU.Build.0 = Debug|Any CPU
		{CF8FC9EF-55D9-E12D-0D45-3D679C7F7336}.Release|Any CPU.ActiveCfg = Release|Any CPU
		{CF8FC9EF-55D9-E12D-0D45-3D679C7F7336}.Release|Any CPU.Build.0 = Release|Any CPU
		{1E9882A3-FB55-BF7B-464F-307518040466}.Debug|Any CPU.ActiveCfg = Debug|Any CPU
		{1E9882A3-FB55-BF7B-464F-307518040466}.Debug|Any CPU.Build.0 = Debug|Any CPU
		{1E9882A3-FB55-BF7B-464F-307518040466}.Release|Any CPU.ActiveCfg = Release|Any CPU
		{1E9882A3-FB55-BF7B-464F-307518040466}.Release|Any CPU.Build.0 = Release|Any CPU
		{88361A87-3EA9-AB04-5AD5-61101E903616}.Debug|Any CPU.ActiveCfg = Debug|Any CPU
		{88361A87-3EA9-AB04-5AD5-61101E903616}.Debug|Any CPU.Build.0 = Debug|Any CPU
		{88361A87-3EA9-AB04-5AD5-61101E903616}.Release|Any CPU.ActiveCfg = Release|Any CPU
		{88361A87-3EA9-AB04-5AD5-61101E903616}.Release|Any CPU.Build.0 = Release|Any CPU
		{AE6BD390-7F1B-3CE1-C95B-9329476FC02D}.Debug|Any CPU.ActiveCfg = Debug|Any CPU
		{AE6BD390-7F1B-3CE1-C95B-9329476FC02D}.Debug|Any CPU.Build.0 = Debug|Any CPU
		{AE6BD390-7F1B-3CE1-C95B-9329476FC02D}.Release|Any CPU.ActiveCfg = Release|Any CPU
		{AE6BD390-7F1B-3CE1-C95B-9329476FC02D}.Release|Any CPU.Build.0 = Release|Any CPU
		{24C34C5D-88D6-EC6F-8E71-123C8CE66AA1}.Debug|Any CPU.ActiveCfg = Debug|Any CPU
		{24C34C5D-88D6-EC6F-8E71-123C8CE66AA1}.Debug|Any CPU.Build.0 = Debug|Any CPU
		{24C34C5D-88D6-EC6F-8E71-123C8CE66AA1}.Release|Any CPU.ActiveCfg = Release|Any CPU
		{24C34C5D-88D6-EC6F-8E71-123C8CE66AA1}.Release|Any CPU.Build.0 = Release|Any CPU
		{88C9D54B-B4CA-90B4-9C44-E74A16D69190}.Debug|Any CPU.ActiveCfg = Debug|Any CPU
		{88C9D54B-B4CA-90B4-9C44-E74A16D69190}.Debug|Any CPU.Build.0 = Debug|Any CPU
		{88C9D54B-B4CA-90B4-9C44-E74A16D69190}.Release|Any CPU.ActiveCfg = Release|Any CPU
		{88C9D54B-B4CA-90B4-9C44-E74A16D69190}.Release|Any CPU.Build.0 = Release|Any CPU
		{F09862DE-6E49-EA4F-9A3C-6ECAFD2DFD76}.Debug|Any CPU.ActiveCfg = Debug|Any CPU
		{F09862DE-6E49-EA4F-9A3C-6ECAFD2DFD76}.Debug|Any CPU.Build.0 = Debug|Any CPU
		{F09862DE-6E49-EA4F-9A3C-6ECAFD2DFD76}.Release|Any CPU.ActiveCfg = Release|Any CPU
		{F09862DE-6E49-EA4F-9A3C-6ECAFD2DFD76}.Release|Any CPU.Build.0 = Release|Any CPU
		{B841E3D7-32B6-6813-5C15-B829A8674823}.Debug|Any CPU.ActiveCfg = Debug|Any CPU
		{B841E3D7-32B6-6813-5C15-B829A8674823}.Debug|Any CPU.Build.0 = Debug|Any CPU
		{B841E3D7-32B6-6813-5C15-B829A8674823}.Release|Any CPU.ActiveCfg = Release|Any CPU
		{B841E3D7-32B6-6813-5C15-B829A8674823}.Release|Any CPU.Build.0 = Release|Any CPU
		{D497F78C-590C-B9BB-513D-C3535B0209B7}.Debug|Any CPU.ActiveCfg = Debug|Any CPU
		{D497F78C-590C-B9BB-513D-C3535B0209B7}.Debug|Any CPU.Build.0 = Debug|Any CPU
		{D497F78C-590C-B9BB-513D-C3535B0209B7}.Release|Any CPU.ActiveCfg = Release|Any CPU
		{D497F78C-590C-B9BB-513D-C3535B0209B7}.Release|Any CPU.Build.0 = Release|Any CPU
	EndGlobalSection
	GlobalSection(SolutionProperties) = preSolution
		HideSolutionNode = FALSE
	EndGlobalSection
EndGlobal
